
Microsoft Visual Studio Solution File, Format Version 12.00
# Visual Studio Version 17
VisualStudioVersion = 17.8.34511.84
MinimumVisualStudioVersion = 10.0.40219.1
Project("{9A19103F-16F7-4668-BE54-9A1E7A4F7556}") = "ZinklofDev", "ZinklofDev.csproj", "{1F99A479-30BE-4B4A-8417-BD5A83394588}"
EndProject
Global
	GlobalSection(SolutionConfigurationPlatforms) = preSolution
		Debug|Any CPU = Debug|Any CPU
		Debug|x64 = Debug|x64
		Release|Any CPU = Release|Any CPU
		Release|x64 = Release|x64
	EndGlobalSection
	GlobalSection(ProjectConfigurationPlatforms) = postSolution
		{1F99A479-30BE-4B4A-8417-BD5A83394588}.Debug|Any CPU.ActiveCfg = Debug|Any CPU
		{1F99A479-30BE-4B4A-8417-BD5A83394588}.Debug|Any CPU.Build.0 = Debug|Any CPU
		{1F99A479-30BE-4B4A-8417-BD5A83394588}.Debug|x64.ActiveCfg = Release|x64
		{1F99A479-30BE-4B4A-8417-BD5A83394588}.Debug|x64.Build.0 = Release|x64
		{1F99A479-30BE-4B4A-8417-BD5A83394588}.Release|Any CPU.ActiveCfg = Release|Any CPU
		{1F99A479-30BE-4B4A-8417-BD5A83394588}.Release|Any CPU.Build.0 = Release|Any CPU
		{1F99A479-30BE-4B4A-8417-BD5A83394588}.Release|x64.ActiveCfg = Release|x64
		{1F99A479-30BE-4B4A-8417-BD5A83394588}.Release|x64.Build.0 = Release|x64
	EndGlobalSection
	GlobalSection(SolutionProperties) = preSolution
		HideSolutionNode = FALSE
	EndGlobalSection
	GlobalSection(ExtensibilityGlobals) = postSolution
		SolutionGuid = {AA93D542-76AA-4761-AD44-D0D735FC78E8}
	EndGlobalSection
EndGlobal
